<?xml version="1.0" encoding="utf-8"?>
<Project ToolsVersion="4.0" xmlns="http://schemas.microsoft.com/developer/msbuild/2003">
  <ItemGroup>
    <Filter Include="Source Files">
      <UniqueIdentifier>{4FC737F1-C7A5-4376-A066-2A32D752A2FF}</UniqueIdentifier>
      <Extensions>cpp;c;cc;cxx;c++;cppm;ixx;def;odl;idl;hpj;bat;asm;asmx</Extensions>
    </Filter>
    <Filter Include="Header Files">
      <UniqueIdentifier>{93995380-89BD-4b04-88EB-625FBE52EBFB}</UniqueIdentifier>
      <Extensions>h;hh;hpp;hxx;h++;hm;inl;inc;ipp;xsd</Extensions>
    </Filter>
    <Filter Include="Resource Files">
      <UniqueIdentifier>{67DA6AB6-F800-4c08-8B7A-83BB121AAD01}</UniqueIdentifier>
      <Extensions>rc;ico;cur;bmp;dlg;rc2;rct;bin;rgs;gif;jpg;jpeg;jpe;resx;tiff;tif;png;wav;mfcribbon-ms</Extensions>
    </Filter>
    <Filter Include="Header Files\json">
      <UniqueIdentifier>{0b50ed3c-116d-484c-a2f5-592d8514a170}</UniqueIdentifier>
    </Filter>
    <Filter Include="Header Files\property">
      <UniqueIdentifier>{5a729308-f338-415d-87fa-48bb335f4e1e}</UniqueIdentifier>
    </Filter>
    <Filter Include="Header Files\math">
      <UniqueIdentifier>{b2f4ca39-93e6-48a1-ab9c-b92379aa64c0}</UniqueIdentifier>
    </Filter>
    <Filter Include="Header Files\callbacks">
      <UniqueIdentifier>{5c9e796c-a8d4-40a8-a9d3-c5fe00cd2bbf}</UniqueIdentifier>
    </Filter>
  </ItemGroup>
  <ItemGroup>
    <ClInclude Include="bitwise_enum.hpp">
      <Filter>Header Files</Filter>
    </ClInclude>
    <ClInclude Include="defines.h">
      <Filter>Header Files</Filter>
    </ClInclude>
    <ClInclude Include="factory.h">
      <Filter>Header Files</Filter>
    </ClInclude>
    <ClInclude Include="nightingale_assert.h">
      <Filter>Header Files</Filter>
    </ClInclude>
    <ClInclude Include="service_locator.h">
      <Filter>Header Files</Filter>
    </ClInclude>
    <ClInclude Include="json.hpp">
      <Filter>Header Files\json</Filter>
    </ClInclude>
    <ClInclude Include="json_key_constants.h">
      <Filter>Header Files\json</Filter>
    </ClInclude>
    <ClInclude Include="json_object.h">
      <Filter>Header Files\json</Filter>
    </ClInclude>
    <ClInclude Include="json_representation.h">
      <Filter>Header Files\json</Filter>
    </ClInclude>
    <ClInclude Include="json_upgrader.h">
      <Filter>Header Files\json</Filter>
    </ClInclude>
    <ClInclude Include="json_visitors.h">
      <Filter>Header Files\json</Filter>
    </ClInclude>
    <ClInclude Include="ngjson.h">
      <Filter>Header Files\json</Filter>
    </ClInclude>
    <ClInclude Include="property_provider.h">
      <Filter>Header Files\property</Filter>
    </ClInclude>
    <ClInclude Include="property_visitor.h">
      <Filter>Header Files\property</Filter>
    </ClInclude>
    <ClInclude Include="property_metadata.h">
      <Filter>Header Files\property</Filter>
    </ClInclude>
    <ClInclude Include="color.h">
      <Filter>Header Files\math</Filter>
    </ClInclude>
    <ClInclude Include="quaternion.h">
      <Filter>Header Files\math</Filter>
    </ClInclude>
    <ClInclude Include="vector.h">
      <Filter>Header Files\math</Filter>
    </ClInclude>
    <ClInclude Include="transform.h">
      <Filter>Header Files\math</Filter>
    </ClInclude>
    <ClInclude Include="matrix.h">
      <Filter>Header Files\math</Filter>
    </ClInclude>
    <ClInclude Include="blocking_callback.h">
      <Filter>Header Files\callbacks</Filter>
    </ClInclude>
    <ClInclude Include="ordered_callback.h">
      <Filter>Header Files\callbacks</Filter>
    </ClInclude>
    <ClInclude Include="mesh_data.h">
      <Filter>Header Files</Filter>
    </ClInclude>
  </ItemGroup>
  <ItemGroup>
    <ClCompile Include="json_visitors.cpp">
      <Filter>Source Files</Filter>
    </ClCompile>
    <ClCompile Include="mesh_data.cpp">
      <Filter>Source Files</Filter>
    </ClCompile>
    <ClCompile Include="color.cpp">
      <Filter>Source Files</Filter>
    </ClCompile>
    <ClCompile Include="transform.cpp">
      <Filter>Source Files</Filter>
    </ClCompile>
    <ClCompile Include="quaternion.cpp">
      <Filter>Source Files</Filter>
    </ClCompile>
    <ClCompile Include="json_math_impl.cpp">
      <Filter>Source Files</Filter>
    </ClCompile>
  </ItemGroup>
</Project>