<?xml version="1.0" encoding="utf-8"?>
<Project ToolsVersion="4.0" xmlns="http://schemas.microsoft.com/developer/msbuild/2003">
  <ItemGroup>
    <Filter Include="Source Files">
      <UniqueIdentifier>{4FC737F1-C7A5-4376-A066-2A32D752A2FF}</UniqueIdentifier>
      <Extensions>cpp;c;cc;cxx;c++;cppm;ixx;def;odl;idl;hpj;bat;asm;asmx</Extensions>
    </Filter>
    <Filter Include="Resource Files">
      <UniqueIdentifier>{67DA6AB6-F800-4c08-8B7A-83BB121AAD01}</UniqueIdentifier>
      <Extensions>rc;ico;cur;bmp;dlg;rc2;rct;bin;rgs;gif;jpg;jpeg;jpe;resx;tiff;tif;png;wav;mfcribbon-ms</Extensions>
    </Filter>
    <Filter Include="Source Files\Project">
    </Filter>
    <Filter Include="Source Files\Core">
    </Filter>
    <Filter Include="Source Files\Logging">
    </Filter>
    <Filter Include="Source Files\Rendering">
    </Filter>
    <Filter Include="Source Files\Rendering\GraphicsLibrary">
    </Filter>
    <Filter Include="Source Files\Rendering\ShaderPreprocess">
    </Filter>
    <Filter Include="Source Files\Logic">
    </Filter>
    <Filter Include="Source Files\IMGUI">
    </Filter>
    <Filter Include="Source Files\IMGUI\lib">
    </Filter>
    <Filter Include="Source Files\Loading">
    </Filter>
    <Filter Include="Source Files\Input">
    </Filter>
    <Filter Include="Source Files\Game">
    </Filter>
    <Filter Include="Source Files\Rendering\RenderNodes">
    </Filter>
    <Filter Include="Source Files\Console">
    </Filter>
    <Filter Include="Source Files\Rendering\Skeleton">
    </Filter>
    <Filter Include="Source Files\CoreConsoleCommands">
      <UniqueIdentifier>{7c499021-1566-4c4b-a958-711df108281a}</UniqueIdentifier>
    </Filter>
    <Filter Include="Engine Data">
      <UniqueIdentifier>{285b15ec-9c42-4e83-93e8-1054573cacef}</UniqueIdentifier>
    </Filter>
    <Filter Include="Source Files\Scripting" />
    <Filter Include="Header Files">
      <UniqueIdentifier>{93995380-89BD-4b04-88EB-625FBE52EBFB}</UniqueIdentifier>
      <Extensions>h;hh;hpp;hxx;h++;hm;inl;inc;ipp;xsd</Extensions>
    </Filter>
    <Filter Include="Header Files\Project" />
    <Filter Include="Header Files\Core" />
    <Filter Include="Header Files\Logging" />
    <Filter Include="Header Files\Rendering" />
    <Filter Include="Header Files\Rendering\GraphicsLibrary" />
    <Filter Include="Header Files\Rendering\ShaderPreprocess" />
    <Filter Include="Header Files\Rendering\RenderNodes" />
    <Filter Include="Header Files\Rendering\Skeleton" />
    <Filter Include="Header Files\Logic" />
    <Filter Include="Header Files\IMGUI" />
    <Filter Include="Header Files\Loading" />
    <Filter Include="Header Files\Input" />
    <Filter Include="Header Files\Game" />
    <Filter Include="Header Files\Console" />
    <Filter Include="Header Files\AssetManagement" />
    <Filter Include="Header Files\Setup">
      <UniqueIdentifier>{1243eb7c-61a4-4be3-8e8b-3d673afd9307}</UniqueIdentifier>
    </Filter>
    <Filter Include="Header Files\CoreConsoleCommands">
      <UniqueIdentifier>{2c371785-5bca-44ba-b6c7-b44fb8b65f10}</UniqueIdentifier>
    </Filter>
    <Filter Include="Header Files\Scripting" />
    <Filter Include="Header Files\PhysicsVisualizer">
      <UniqueIdentifier>{f205ae2b-723e-4217-83f2-b3276d67da74}</UniqueIdentifier>
    </Filter>
    <Filter Include="Header Files\DebugPanels">
      <UniqueIdentifier>{ec442aa7-3603-40e1-b3e4-f293ce5f985a}</UniqueIdentifier>
    </Filter>
    <Filter Include="Header Files\Core\Callbacks">
      <UniqueIdentifier>{1a42e5c1-403e-4651-b3af-3715339a233a}</UniqueIdentifier>
    </Filter>
    <Filter Include="Source Files\DebugPanels">
      <UniqueIdentifier>{b27327d2-3efe-47dc-bd77-ddefd02208df}</UniqueIdentifier>
    </Filter>
  </ItemGroup>
  <ItemGroup>
    <ClCompile Include="Code\pch.cpp">
      <Filter>Source Files\Project</Filter>
    </ClCompile>
    <ClCompile Include="Code\engine.cpp">
      <Filter>Source Files\Core</Filter>
    </ClCompile>
    <ClCompile Include="Code\logger.cpp">
      <Filter>Source Files\Logging</Filter>
    </ClCompile>
    <ClCompile Include="Code\graphics_library.cpp">
      <Filter>Source Files\Rendering\GraphicsLibrary</Filter>
    </ClCompile>
    <ClCompile Include="Code\gl_shader.cpp">
      <Filter>Source Files\Rendering\GraphicsLibrary</Filter>
    </ClCompile>
    <ClCompile Include="Code\shader_source.cpp">
      <Filter>Source Files\Rendering\ShaderPreprocess</Filter>
    </ClCompile>
    <ClCompile Include="Code\render_shader.cpp">
      <Filter>Source Files\Rendering</Filter>
    </ClCompile>
    <ClCompile Include="Code\gl_shader_uniform.cpp">
      <Filter>Source Files\Rendering\GraphicsLibrary</Filter>
    </ClCompile>
    <ClCompile Include="Code\game_object.cpp">
      <Filter>Source Files\Logic</Filter>
    </ClCompile>
    <ClCompile Include="Code\frame_controller.cpp">
      <Filter>Source Files\Core</Filter>
    </ClCompile>
    <ClCompile Include="Code\debug_ui.cpp">
      <Filter>Source Files\IMGUI</Filter>
    </ClCompile>
    <ClCompile Include="Code\mesh.cpp">
      <Filter>Source Files\Rendering</Filter>
    </ClCompile>
    <ClCompile Include="Code\loader.cpp">
      <Filter>Source Files\Loading</Filter>
    </ClCompile>
    <ClCompile Include="Code\input.cpp">
      <Filter>Source Files\Input</Filter>
    </ClCompile>
    <ClCompile Include="Code\engine_internals.cpp">
      <Filter>Source Files\Core</Filter>
    </ClCompile>
    <ClCompile Include="Code\window.cpp">
      <Filter>Source Files\Core</Filter>
    </ClCompile>
    <ClCompile Include="Code\screen.cpp">
      <Filter>Source Files\Rendering</Filter>
    </ClCompile>
    <ClCompile Include="Code\scene.cpp">
      <Filter>Source Files\Logic</Filter>
    </ClCompile>
    <ClCompile Include="Code\termination.cpp">
      <Filter>Source Files\Core</Filter>
    </ClCompile>
    <ClCompile Include="Code\camera_controller.cpp">
      <Filter>Source Files\Game</Filter>
    </ClCompile>
    <ClCompile Include="Code\engine_functions.cpp">
      <Filter>Source Files\Core</Filter>
    </ClCompile>
    <ClCompile Include="Code\render_mesh.cpp">
      <Filter>Source Files\Rendering\RenderNodes</Filter>
    </ClCompile>
    <ClCompile Include="Code\console.cpp">
      <Filter>Source Files\Console</Filter>
    </ClCompile>
    <ClCompile Include="Code\core_commands.cpp">
      <Filter>Source Files\Console</Filter>
    </ClCompile>
    <ClCompile Include="Code\console_command.cpp">
      <Filter>Source Files\Console</Filter>
    </ClCompile>
    <ClCompile Include="Code\loader_commands.cpp">
      <Filter>Source Files\Console</Filter>
    </ClCompile>
    <ClCompile Include="Code\gameobject_commands.cpp">
      <Filter>Source Files\Console</Filter>
    </ClCompile>
    <ClCompile Include="Code\gameobject_factory.cpp">
      <Filter>Source Files\Loading</Filter>
    </ClCompile>
    <ClCompile Include="Code\skeleton.cpp">
      <Filter>Source Files\Rendering\Skeleton</Filter>
    </ClCompile>
    <ClCompile Include="Code\render_skinned.cpp">
      <Filter>Source Files\Rendering\RenderNodes</Filter>
    </ClCompile>
    <ClCompile Include="Code\graphics_context.cpp">
      <Filter>Source Files\Rendering</Filter>
    </ClCompile>
    <ClCompile Include="Code\project_one_gameobject.cpp">
      <Filter>Source Files\Game</Filter>
    </ClCompile>
    <ClCompile Include="Code\renderer.cpp">
      <Filter>Source Files\Rendering</Filter>
    </ClCompile>
    <ClCompile Include="Code\skeleton_builder.cpp">
      <Filter>Source Files\Rendering\Skeleton</Filter>
    </ClCompile>
    <ClCompile Include="Code\animation_builder.cpp">
      <Filter>Source Files\Rendering\Skeleton</Filter>
    </ClCompile>
    <ClCompile Include="Code\animation_evaluator.cpp">
      <Filter>Source Files\Rendering\Skeleton</Filter>
    </ClCompile>
    <ClCompile Include="Code\project_two_coobject.cpp">
      <Filter>Source Files\Game</Filter>
    </ClCompile>
    <ClCompile Include="Code\project_three_coobject.cpp">
      <Filter>Source Files\Game</Filter>
    </ClCompile>
    <ClCompile Include="Code\inverse_kinematics_evaluator.cpp">
      <Filter>Source Files</Filter>
    </ClCompile>
    <ClCompile Include="Code\project_four_coobject.cpp">
      <Filter>Source Files\Game</Filter>
    </ClCompile>
    <ClCompile Include="Lib\imgui-master\backends\imgui_impl_win32.cpp">
      <Filter>Source Files\IMGUI\lib</Filter>
    </ClCompile>
    <ClCompile Include="Lib\imgui-master\backends\imgui_impl_glfw.cpp">
      <Filter>Source Files\IMGUI\lib</Filter>
    </ClCompile>
    <ClCompile Include="Lib\imgui-master\backends\imgui_impl_opengl3.cpp">
      <Filter>Source Files\IMGUI\lib</Filter>
    </ClCompile>
    <ClCompile Include="Lib\imgui-master\imgui.cpp">
      <Filter>Source Files\IMGUI\lib</Filter>
    </ClCompile>
    <ClCompile Include="Lib\imgui-master\imgui_demo.cpp">
      <Filter>Source Files\IMGUI\lib</Filter>
    </ClCompile>
    <ClCompile Include="Lib\imgui-master\imgui_draw.cpp">
      <Filter>Source Files\IMGUI\lib</Filter>
    </ClCompile>
    <ClCompile Include="Lib\imgui-master\imgui_tables.cpp">
      <Filter>Source Files\IMGUI\lib</Filter>
    </ClCompile>
    <ClCompile Include="Lib\imgui-master\imgui_widgets.cpp">
      <Filter>Source Files\IMGUI\lib</Filter>
    </ClCompile>
    <ClCompile Include="Lib\imgui-master\misc\cpp\imgui_stdlib.cpp">
      <Filter>Source Files\IMGUI\lib</Filter>
    </ClCompile>
    <ClCompile Include="Code\default_console_commands.cpp">
      <Filter>Engine Data</Filter>
    </ClCompile>
    <ClCompile Include="Code\argument.cpp">
      <Filter>Source Files\Scripting</Filter>
    </ClCompile>
    <ClCompile Include="Code\environment.cpp">
      <Filter>Source Files\Scripting</Filter>
    </ClCompile>
    <ClCompile Include="Code\argument_helpers.cpp">
      <Filter>Source Files\Scripting</Filter>
    </ClCompile>
    <ClCompile Include="Code\forward_render_pass.cpp">
      <Filter>Source Files</Filter>
    </ClCompile>
    <ClCompile Include="Code\physics_debug_render_pass.cpp">
      <Filter>Source Files</Filter>
    </ClCompile>
    <ClCompile Include="Code\physics_debug.cpp">
      <Filter>Source Files</Filter>
    </ClCompile>
    <ClCompile Include="Code\debug_panel_commands.cpp">
      <Filter>Source Files\CoreConsoleCommands</Filter>
    </ClCompile>
    <ClCompile Include="Code\debug_panel.cpp">
      <Filter>Source Files</Filter>
    </ClCompile>
    <ClCompile Include="Code\callback_handler.cpp">
      <Filter>Source Files</Filter>
    </ClCompile>
    <ClCompile Include="Code\render_debug_panel.cpp">
      <Filter>Source Files</Filter>
    </ClCompile>
    <ClCompile Include="Code\imgui_helpers.cpp">
      <Filter>Source Files</Filter>
    </ClCompile>
  </ItemGroup>
  <ItemGroup>
    <ClInclude Include="Code\pch.h">
      <Filter>Header Files\Project</Filter>
    </ClInclude>
    <ClInclude Include="Code\engine.h">
      <Filter>Header Files\Core</Filter>
    </ClInclude>
    <ClInclude Include="Code\logger.h">
      <Filter>Header Files\Logging</Filter>
    </ClInclude>
    <ClInclude Include="Code\renderer.h">
      <Filter>Header Files\Rendering</Filter>
    </ClInclude>
    <ClInclude Include="Code\graphics_library.h">
      <Filter>Header Files\Rendering\GraphicsLibrary</Filter>
    </ClInclude>
    <ClInclude Include="Code\gl_shader.h">
      <Filter>Header Files\Rendering\GraphicsLibrary</Filter>
    </ClInclude>
    <ClInclude Include="Code\shader_source.h">
      <Filter>Header Files\Rendering\ShaderPreprocess</Filter>
    </ClInclude>
    <ClInclude Include="Code\render_shader.h">
      <Filter>Header Files\Rendering</Filter>
    </ClInclude>
    <ClInclude Include="Code\gl_shader_uniform.h">
      <Filter>Header Files\Rendering\GraphicsLibrary</Filter>
    </ClInclude>
    <ClInclude Include="Code\game_object.h">
      <Filter>Header Files\Logic</Filter>
    </ClInclude>
    <ClInclude Include="Code\root_object.h">
      <Filter>Header Files\Logic</Filter>
    </ClInclude>
    <ClInclude Include="Code\core_interface.h">
      <Filter>Header Files\Core</Filter>
    </ClInclude>
    <ClInclude Include="Code\component.h">
      <Filter>Header Files\Logic</Filter>
    </ClInclude>
    <ClInclude Include="Code\frame_controller.h">
      <Filter>Header Files\Core</Filter>
    </ClInclude>
    <ClInclude Include="Code\debug_ui.h">
      <Filter>Header Files\IMGUI</Filter>
    </ClInclude>
    <ClInclude Include="Code\mesh.h">
      <Filter>Header Files\Rendering</Filter>
    </ClInclude>
    <ClInclude Include="Code\loader.h">
      <Filter>Header Files\Loading</Filter>
    </ClInclude>
    <ClInclude Include="Code\input.h">
      <Filter>Header Files\Input</Filter>
    </ClInclude>
    <ClInclude Include="Code\engine_internals.h">
      <Filter>Header Files\Core</Filter>
    </ClInclude>
    <ClInclude Include="Code\window.h">
      <Filter>Header Files\Core</Filter>
    </ClInclude>
    <ClInclude Include="Code\screen.h">
      <Filter>Header Files\Rendering</Filter>
    </ClInclude>
    <ClInclude Include="Code\termination.h">
      <Filter>Header Files\Core</Filter>
    </ClInclude>
    <ClInclude Include="Code\scene.h">
      <Filter>Header Files\Logic</Filter>
    </ClInclude>
    <ClInclude Include="Code\camera_controller.h">
      <Filter>Header Files\Game</Filter>
    </ClInclude>
    <ClInclude Include="Code\engine_functions.h">
      <Filter>Header Files\Core</Filter>
    </ClInclude>
    <ClInclude Include="Code\render_node.h">
      <Filter>Header Files\Rendering\RenderNodes</Filter>
    </ClInclude>
    <ClInclude Include="Code\render_mesh.h">
      <Filter>Header Files\Rendering\RenderNodes</Filter>
    </ClInclude>
    <ClInclude Include="Code\console.h">
      <Filter>Header Files\Console</Filter>
    </ClInclude>
    <ClInclude Include="Code\asset_manager.h">
      <Filter>Header Files\AssetManagement</Filter>
    </ClInclude>
    <ClInclude Include="Code\gameobject_factory.h">
      <Filter>Header Files\Loading</Filter>
    </ClInclude>
    <ClInclude Include="Code\skeleton.h">
      <Filter>Header Files\Rendering\Skeleton</Filter>
    </ClInclude>
    <ClInclude Include="Code\scripting.h">
      <Filter>Header Files\Scripting</Filter>
    </ClInclude>
    <ClInclude Include="Code\environment.h">
      <Filter>Header Files\Scripting</Filter>
    </ClInclude>
    <ClInclude Include="Code\argument.h">
      <Filter>Header Files\Scripting</Filter>
    </ClInclude>
    <ClInclude Include="Code\command.h">
      <Filter>Header Files\Scripting</Filter>
    </ClInclude>
    <ClInclude Include="Code\animation.h">
      <Filter>Header Files\Rendering\Skeleton</Filter>
    </ClInclude>
    <ClInclude Include="Code\render_skinned.h">
      <Filter>Header Files\Rendering\RenderNodes</Filter>
    </ClInclude>
    <ClInclude Include="Code\skinned_mesh.h">
      <Filter>Header Files\Rendering\Skeleton</Filter>
    </ClInclude>
    <ClInclude Include="Code\graphics_context.h">
      <Filter>Header Files\Rendering</Filter>
    </ClInclude>
    <ClInclude Include="Code\project_one_gameobject.h">
      <Filter>Header Files\Game</Filter>
    </ClInclude>
    <ClInclude Include="Code\skeleton_builder.h">
      <Filter>Header Files\Rendering\Skeleton</Filter>
    </ClInclude>
    <ClInclude Include="Code\animation_builder.h">
      <Filter>Header Files\Rendering\Skeleton</Filter>
    </ClInclude>
    <ClInclude Include="Code\animation_evaluator.h">
      <Filter>Header Files\Rendering\Skeleton</Filter>
    </ClInclude>
    <ClInclude Include="Code\project_two_coobject.h">
      <Filter>Header Files\Game</Filter>
    </ClInclude>
    <ClInclude Include="Code\project_three_coobject.h">
      <Filter>Header Files\Game</Filter>
    </ClInclude>
    <ClInclude Include="Code\inverse_kinematics_evaluator.h">
      <Filter>Header Files\Rendering\Skeleton</Filter>
    </ClInclude>
    <ClInclude Include="Code\project_four_coobject.h">
      <Filter>Header Files\Game</Filter>
    </ClInclude>
    <ClInclude Include="Code\key_enum.h">
      <Filter>Header Files\Input</Filter>
    </ClInclude>
    <ClInclude Include="Code\engine_settings.h">
      <Filter>Header Files\Setup</Filter>
    </ClInclude>
    <ClInclude Include="Code\execution_state.h">
      <Filter>Header Files\Scripting</Filter>
    </ClInclude>
    <ClInclude Include="Code\execution_result.h">
      <Filter>Header Files\Scripting</Filter>
    </ClInclude>
    <ClInclude Include="Code\core_commands.h">
      <Filter>Header Files\CoreConsoleCommands</Filter>
    </ClInclude>
    <ClInclude Include="Code\loader_commands.h">
      <Filter>Header Files\CoreConsoleCommands</Filter>
    </ClInclude>
    <ClInclude Include="Code\advanced_arguments.h">
      <Filter>Header Files\Scripting</Filter>
    </ClInclude>
    <ClInclude Include="Code\argument_impl.h">
      <Filter>Header Files\Scripting</Filter>
    </ClInclude>
    <ClInclude Include="Code\argument_helpers.h">
      <Filter>Header Files\Scripting</Filter>
    </ClInclude>
    <ClInclude Include="Code\special_arguments.h">
      <Filter>Header Files\Scripting</Filter>
    </ClInclude>
    <ClInclude Include="Code\gameobject_commands.h">
      <Filter>Header Files\CoreConsoleCommands</Filter>
    </ClInclude>
    <ClInclude Include="Code\forward_render_pass.h">
      <Filter>Header Files\Rendering</Filter>
    </ClInclude>
    <ClInclude Include="Code\physics_debug_render_pass.h">
      <Filter>Header Files\PhysicsVisualizer</Filter>
    </ClInclude>
    <ClInclude Include="Code\physics_debug.h">
      <Filter>Header Files\PhysicsVisualizer</Filter>
    </ClInclude>
    <ClInclude Include="Code\debug_panel.h">
      <Filter>Header Files\DebugPanels</Filter>
    </ClInclude>
    <ClInclude Include="Code\render_debug_panel.h">
      <Filter>Header Files\DebugPanels</Filter>
    </ClInclude>
    <ClInclude Include="Code\debug_panel_commands.h">
      <Filter>Header Files\CoreConsoleCommands</Filter>
    </ClInclude>
    <ClInclude Include="Code\callback_handler.h">
      <Filter>Header Files\Core\Callbacks</Filter>
    </ClInclude>
    <ClInclude Include="Code\priority_function.h">
      <Filter>Header Files\Core\Callbacks</Filter>
    </ClInclude>
    <ClInclude Include="execution_order_enums.h">
      <Filter>Header Files\Core</Filter>
    </ClInclude>
    <ClInclude Include="Code\imgui_helpers.h">
      <Filter>Header Files\IMGUI</Filter>
    </ClInclude>
  </ItemGroup>
</Project>